// !$*UTF8*$!
{
	archiveVersion = 1;
	classes = {
	};
	objectVersion = 56;
	objects = {

/* Begin PBXBuildFile section */
		048D63285B2942BC4E4BD983 /* Pods_IOSExampleV2.framework in Frameworks */ = {isa = PBXBuildFile; fileRef = F9FFFF6B503CA441C3548874 /* Pods_IOSExampleV2.framework */; };
		E37D889B2AE175FC004FD5E3 /* AppDelegate.swift in Sources */ = {isa = PBXBuildFile; fileRef = E37D889A2AE175FC004FD5E3 /* AppDelegate.swift */; };
		E37D889D2AE175FC004FD5E3 /* SceneDelegate.swift in Sources */ = {isa = PBXBuildFile; fileRef = E37D889C2AE175FC004FD5E3 /* SceneDelegate.swift */; };
		E37D889F2AE175FC004FD5E3 /* ViewController.swift in Sources */ = {isa = PBXBuildFile; fileRef = E37D889E2AE175FC004FD5E3 /* ViewController.swift */; };
		E37D88A22AE175FC004FD5E3 /* Main.storyboard in Resources */ = {isa = PBXBuildFile; fileRef = E37D88A02AE175FC004FD5E3 /* Main.storyboard */; };
		E37D88A42AE175FD004FD5E3 /* Assets.xcassets in Resources */ = {isa = PBXBuildFile; fileRef = E37D88A32AE175FD004FD5E3 /* Assets.xcassets */; };
		E37D88A72AE175FD004FD5E3 /* LaunchScreen.storyboard in Resources */ = {isa = PBXBuildFile; fileRef = E37D88A52AE175FD004FD5E3 /* LaunchScreen.storyboard */; };
		E37D88CB2AE17676004FD5E3 /* GoogleService-Info.plist in Resources */ = {isa = PBXBuildFile; fileRef = E37D88CA2AE17676004FD5E3 /* GoogleService-Info.plist */; };
		E37D88D22AE18599004FD5E3 /* api.m in Sources */ = {isa = PBXBuildFile; fileRef = E37D88D12AE18599004FD5E3 /* api.m */; };
		E38B8BBC2AE25762006CFC85 /* Flutter in Resources */ = {isa = PBXBuildFile; fileRef = E38B8BBB2AE25762006CFC85 /* Flutter */; };
		E38B8BDE2AE257CF006CFC85 /* firebase_core.xcframework in Frameworks */ = {isa = PBXBuildFile; fileRef = E38B8BBD2AE257CE006CFC85 /* firebase_core.xcframework */; };
		E38B8BDF2AE257CF006CFC85 /* just_audio.xcframework in Frameworks */ = {isa = PBXBuildFile; fileRef = E38B8BBE2AE257CE006CFC85 /* just_audio.xcframework */; };
		E38B8BE02AE257CF006CFC85 /* FirebaseCoreInternal.xcframework in Frameworks */ = {isa = PBXBuildFile; fileRef = E38B8BBF2AE257CE006CFC85 /* FirebaseCoreInternal.xcframework */; };
		E38B8BE12AE257CF006CFC85 /* video_player_avfoundation.xcframework in Frameworks */ = {isa = PBXBuildFile; fileRef = E38B8BC02AE257CE006CFC85 /* video_player_avfoundation.xcframework */; };
		E38B8BE22AE257CF006CFC85 /* GoogleUtilities.xcframework in Frameworks */ = {isa = PBXBuildFile; fileRef = E38B8BC12AE257CE006CFC85 /* GoogleUtilities.xcframework */; };
		E38B8BE32AE257CF006CFC85 /* package_info_plus.xcframework in Frameworks */ = {isa = PBXBuildFile; fileRef = E38B8BC22AE257CE006CFC85 /* package_info_plus.xcframework */; };
		E38B8BE42AE257CF006CFC85 /* FirebaseMessaging.xcframework in Frameworks */ = {isa = PBXBuildFile; fileRef = E38B8BC32AE257CE006CFC85 /* FirebaseMessaging.xcframework */; };
		E38B8BE52AE257CF006CFC85 /* flutter_background_service_ios.xcframework in Frameworks */ = {isa = PBXBuildFile; fileRef = E38B8BC42AE257CE006CFC85 /* flutter_background_service_ios.xcframework */; };
		E38B8BE62AE257CF006CFC85 /* path_provider_foundation.xcframework in Frameworks */ = {isa = PBXBuildFile; fileRef = E38B8BC52AE257CE006CFC85 /* path_provider_foundation.xcframework */; };
		E38B8BE72AE257CF006CFC85 /* device_info_plus.xcframework in Frameworks */ = {isa = PBXBuildFile; fileRef = E38B8BC62AE257CE006CFC85 /* device_info_plus.xcframework */; };
		E38B8BE82AE257CF006CFC85 /* FirebaseCore.xcframework in Frameworks */ = {isa = PBXBuildFile; fileRef = E38B8BC72AE257CE006CFC85 /* FirebaseCore.xcframework */; };
		E38B8BE92AE257CF006CFC85 /* FlutterPluginRegistrant.xcframework in Frameworks */ = {isa = PBXBuildFile; fileRef = E38B8BC82AE257CE006CFC85 /* FlutterPluginRegistrant.xcframework */; };
		E38B8BEA2AE257CF006CFC85 /* flutter_local_notifications.xcframework in Frameworks */ = {isa = PBXBuildFile; fileRef = E38B8BC92AE257CE006CFC85 /* flutter_local_notifications.xcframework */; };
		E38B8BEB2AE257CF006CFC85 /* image_picker_ios.xcframework in Frameworks */ = {isa = PBXBuildFile; fileRef = E38B8BCA2AE257CE006CFC85 /* image_picker_ios.xcframework */; };
		E38B8BEC2AE257CF006CFC85 /* webview_flutter_wkwebview.xcframework in Frameworks */ = {isa = PBXBuildFile; fileRef = E38B8BCB2AE257CE006CFC85 /* webview_flutter_wkwebview.xcframework */; };
		E38B8BED2AE257CF006CFC85 /* flutter_inappwebview.xcframework in Frameworks */ = {isa = PBXBuildFile; fileRef = E38B8BCC2AE257CE006CFC85 /* flutter_inappwebview.xcframework */; };
		E38B8BEE2AE257CF006CFC85 /* firebase_messaging.xcframework in Frameworks */ = {isa = PBXBuildFile; fileRef = E38B8BCD2AE257CE006CFC85 /* firebase_messaging.xcframework */; };
		E38B8BEF2AE257CF006CFC85 /* devicelocale.xcframework in Frameworks */ = {isa = PBXBuildFile; fileRef = E38B8BCE2AE257CE006CFC85 /* devicelocale.xcframework */; };
		E38B8BF02AE257CF006CFC85 /* eums.xcframework in Frameworks */ = {isa = PBXBuildFile; fileRef = E38B8BCF2AE257CE006CFC85 /* eums.xcframework */; };
		E38B8BF12AE257CF006CFC85 /* audio_session.xcframework in Frameworks */ = {isa = PBXBuildFile; fileRef = E38B8BD02AE257CE006CFC85 /* audio_session.xcframework */; };
		E38B8BF22AE257CF006CFC85 /* OrderedSet.xcframework in Frameworks */ = {isa = PBXBuildFile; fileRef = E38B8BD12AE257CE006CFC85 /* OrderedSet.xcframework */; };
		E38B8BF32AE257CF006CFC85 /* FirebaseInstallations.xcframework in Frameworks */ = {isa = PBXBuildFile; fileRef = E38B8BD22AE257CE006CFC85 /* FirebaseInstallations.xcframework */; };
		E38B8BF42AE257CF006CFC85 /* GoogleDataTransport.xcframework in Frameworks */ = {isa = PBXBuildFile; fileRef = E38B8BD32AE257CE006CFC85 /* GoogleDataTransport.xcframework */; };
		E38B8BF52AE257CF006CFC85 /* shared_preferences_foundation.xcframework in Frameworks */ = {isa = PBXBuildFile; fileRef = E38B8BD42AE257CE006CFC85 /* shared_preferences_foundation.xcframework */; };
		E38B8BF62AE257CF006CFC85 /* geolocator_apple.xcframework in Frameworks */ = {isa = PBXBuildFile; fileRef = E38B8BD52AE257CE006CFC85 /* geolocator_apple.xcframework */; };
		E38B8BF72AE257CF006CFC85 /* permission_handler_apple.xcframework in Frameworks */ = {isa = PBXBuildFile; fileRef = E38B8BD62AE257CE006CFC85 /* permission_handler_apple.xcframework */; };
		E38B8BF82AE257CF006CFC85 /* url_launcher_ios.xcframework in Frameworks */ = {isa = PBXBuildFile; fileRef = E38B8BD72AE257CE006CFC85 /* url_launcher_ios.xcframework */; };
		E38B8BF92AE257CF006CFC85 /* nanopb.xcframework in Frameworks */ = {isa = PBXBuildFile; fileRef = E38B8BD82AE257CE006CFC85 /* nanopb.xcframework */; };
		E38B8BFA2AE257CF006CFC85 /* sqflite.xcframework in Frameworks */ = {isa = PBXBuildFile; fileRef = E38B8BD92AE257CE006CFC85 /* sqflite.xcframework */; };
		E38B8BFB2AE257CF006CFC85 /* FMDB.xcframework in Frameworks */ = {isa = PBXBuildFile; fileRef = E38B8BDA2AE257CE006CFC85 /* FMDB.xcframework */; };
		E38B8BFC2AE257CF006CFC85 /* App.xcframework in Frameworks */ = {isa = PBXBuildFile; fileRef = E38B8BDB2AE257CE006CFC85 /* App.xcframework */; };
		E38B8BFD2AE257CF006CFC85 /* FBLPromises.xcframework in Frameworks */ = {isa = PBXBuildFile; fileRef = E38B8BDC2AE257CF006CFC85 /* FBLPromises.xcframework */; };
		E38B8BFE2AE257CF006CFC85 /* wakelock.xcframework in Frameworks */ = {isa = PBXBuildFile; fileRef = E38B8BDD2AE257CF006CFC85 /* wakelock.xcframework */; };
		E38B8BFF2AE257E1006CFC85 /* App.xcframework in Embed Frameworks */ = {isa = PBXBuildFile; fileRef = E38B8BDB2AE257CE006CFC85 /* App.xcframework */; settings = {ATTRIBUTES = (CodeSignOnCopy, RemoveHeadersOnCopy, ); }; };
		E38B8C002AE257E1006CFC85 /* audio_session.xcframework in Embed Frameworks */ = {isa = PBXBuildFile; fileRef = E38B8BD02AE257CE006CFC85 /* audio_session.xcframework */; settings = {ATTRIBUTES = (CodeSignOnCopy, RemoveHeadersOnCopy, ); }; };
		E38B8C012AE257E1006CFC85 /* device_info_plus.xcframework in Embed Frameworks */ = {isa = PBXBuildFile; fileRef = E38B8BC62AE257CE006CFC85 /* device_info_plus.xcframework */; settings = {ATTRIBUTES = (CodeSignOnCopy, RemoveHeadersOnCopy, ); }; };
		E38B8C022AE257E1006CFC85 /* devicelocale.xcframework in Embed Frameworks */ = {isa = PBXBuildFile; fileRef = E38B8BCE2AE257CE006CFC85 /* devicelocale.xcframework */; settings = {ATTRIBUTES = (CodeSignOnCopy, RemoveHeadersOnCopy, ); }; };
		E38B8C032AE257E1006CFC85 /* eums.xcframework in Embed Frameworks */ = {isa = PBXBuildFile; fileRef = E38B8BCF2AE257CE006CFC85 /* eums.xcframework */; settings = {ATTRIBUTES = (CodeSignOnCopy, RemoveHeadersOnCopy, ); }; };
		E38B8C042AE257E1006CFC85 /* FBLPromises.xcframework in Embed Frameworks */ = {isa = PBXBuildFile; fileRef = E38B8BDC2AE257CF006CFC85 /* FBLPromises.xcframework */; settings = {ATTRIBUTES = (CodeSignOnCopy, RemoveHeadersOnCopy, ); }; };
		E38B8C052AE257E1006CFC85 /* firebase_core.xcframework in Embed Frameworks */ = {isa = PBXBuildFile; fileRef = E38B8BBD2AE257CE006CFC85 /* firebase_core.xcframework */; settings = {ATTRIBUTES = (CodeSignOnCopy, RemoveHeadersOnCopy, ); }; };
		E38B8C062AE257E1006CFC85 /* firebase_messaging.xcframework in Embed Frameworks */ = {isa = PBXBuildFile; fileRef = E38B8BCD2AE257CE006CFC85 /* firebase_messaging.xcframework */; settings = {ATTRIBUTES = (CodeSignOnCopy, RemoveHeadersOnCopy, ); }; };
		E38B8C072AE257E1006CFC85 /* FirebaseCore.xcframework in Embed Frameworks */ = {isa = PBXBuildFile; fileRef = E38B8BC72AE257CE006CFC85 /* FirebaseCore.xcframework */; settings = {ATTRIBUTES = (CodeSignOnCopy, RemoveHeadersOnCopy, ); }; };
		E38B8C082AE257E1006CFC85 /* FirebaseCoreInternal.xcframework in Embed Frameworks */ = {isa = PBXBuildFile; fileRef = E38B8BBF2AE257CE006CFC85 /* FirebaseCoreInternal.xcframework */; settings = {ATTRIBUTES = (CodeSignOnCopy, RemoveHeadersOnCopy, ); }; };
		E38B8C092AE257E1006CFC85 /* FirebaseInstallations.xcframework in Embed Frameworks */ = {isa = PBXBuildFile; fileRef = E38B8BD22AE257CE006CFC85 /* FirebaseInstallations.xcframework */; settings = {ATTRIBUTES = (CodeSignOnCopy, RemoveHeadersOnCopy, ); }; };
		E38B8C0A2AE257E1006CFC85 /* FirebaseMessaging.xcframework in Embed Frameworks */ = {isa = PBXBuildFile; fileRef = E38B8BC32AE257CE006CFC85 /* FirebaseMessaging.xcframework */; settings = {ATTRIBUTES = (CodeSignOnCopy, RemoveHeadersOnCopy, ); }; };
		E38B8C0B2AE257E1006CFC85 /* flutter_background_service_ios.xcframework in Embed Frameworks */ = {isa = PBXBuildFile; fileRef = E38B8BC42AE257CE006CFC85 /* flutter_background_service_ios.xcframework */; settings = {ATTRIBUTES = (CodeSignOnCopy, RemoveHeadersOnCopy, ); }; };
		E38B8C0C2AE257E1006CFC85 /* flutter_inappwebview.xcframework in Embed Frameworks */ = {isa = PBXBuildFile; fileRef = E38B8BCC2AE257CE006CFC85 /* flutter_inappwebview.xcframework */; settings = {ATTRIBUTES = (CodeSignOnCopy, RemoveHeadersOnCopy, ); }; };
		E38B8C0D2AE257E1006CFC85 /* flutter_local_notifications.xcframework in Embed Frameworks */ = {isa = PBXBuildFile; fileRef = E38B8BC92AE257CE006CFC85 /* flutter_local_notifications.xcframework */; settings = {ATTRIBUTES = (CodeSignOnCopy, RemoveHeadersOnCopy, ); }; };
		E38B8C0E2AE257E1006CFC85 /* FlutterPluginRegistrant.xcframework in Embed Frameworks */ = {isa = PBXBuildFile; fileRef = E38B8BC82AE257CE006CFC85 /* FlutterPluginRegistrant.xcframework */; settings = {ATTRIBUTES = (CodeSignOnCopy, RemoveHeadersOnCopy, ); }; };
		E38B8C0F2AE257E1006CFC85 /* FMDB.xcframework in Embed Frameworks */ = {isa = PBXBuildFile; fileRef = E38B8BDA2AE257CE006CFC85 /* FMDB.xcframework */; settings = {ATTRIBUTES = (CodeSignOnCopy, RemoveHeadersOnCopy, ); }; };
		E38B8C102AE257E1006CFC85 /* geolocator_apple.xcframework in Embed Frameworks */ = {isa = PBXBuildFile; fileRef = E38B8BD52AE257CE006CFC85 /* geolocator_apple.xcframework */; settings = {ATTRIBUTES = (CodeSignOnCopy, RemoveHeadersOnCopy, ); }; };
		E38B8C112AE257E1006CFC85 /* GoogleDataTransport.xcframework in Embed Frameworks */ = {isa = PBXBuildFile; fileRef = E38B8BD32AE257CE006CFC85 /* GoogleDataTransport.xcframework */; settings = {ATTRIBUTES = (CodeSignOnCopy, RemoveHeadersOnCopy, ); }; };
		E38B8C122AE257E1006CFC85 /* GoogleUtilities.xcframework in Embed Frameworks */ = {isa = PBXBuildFile; fileRef = E38B8BC12AE257CE006CFC85 /* GoogleUtilities.xcframework */; settings = {ATTRIBUTES = (CodeSignOnCopy, RemoveHeadersOnCopy, ); }; };
		E38B8C132AE257E1006CFC85 /* image_picker_ios.xcframework in Embed Frameworks */ = {isa = PBXBuildFile; fileRef = E38B8BCA2AE257CE006CFC85 /* image_picker_ios.xcframework */; settings = {ATTRIBUTES = (CodeSignOnCopy, RemoveHeadersOnCopy, ); }; };
		E38B8C142AE257E1006CFC85 /* just_audio.xcframework in Embed Frameworks */ = {isa = PBXBuildFile; fileRef = E38B8BBE2AE257CE006CFC85 /* just_audio.xcframework */; settings = {ATTRIBUTES = (CodeSignOnCopy, RemoveHeadersOnCopy, ); }; };
		E38B8C152AE257E1006CFC85 /* nanopb.xcframework in Embed Frameworks */ = {isa = PBXBuildFile; fileRef = E38B8BD82AE257CE006CFC85 /* nanopb.xcframework */; settings = {ATTRIBUTES = (CodeSignOnCopy, RemoveHeadersOnCopy, ); }; };
		E38B8C162AE257E1006CFC85 /* OrderedSet.xcframework in Embed Frameworks */ = {isa = PBXBuildFile; fileRef = E38B8BD12AE257CE006CFC85 /* OrderedSet.xcframework */; settings = {ATTRIBUTES = (CodeSignOnCopy, RemoveHeadersOnCopy, ); }; };
		E38B8C172AE257E1006CFC85 /* package_info_plus.xcframework in Embed Frameworks */ = {isa = PBXBuildFile; fileRef = E38B8BC22AE257CE006CFC85 /* package_info_plus.xcframework */; settings = {ATTRIBUTES = (CodeSignOnCopy, RemoveHeadersOnCopy, ); }; };
		E38B8C182AE257E1006CFC85 /* path_provider_foundation.xcframework in Embed Frameworks */ = {isa = PBXBuildFile; fileRef = E38B8BC52AE257CE006CFC85 /* path_provider_foundation.xcframework */; settings = {ATTRIBUTES = (CodeSignOnCopy, RemoveHeadersOnCopy, ); }; };
		E38B8C192AE257E1006CFC85 /* permission_handler_apple.xcframework in Embed Frameworks */ = {isa = PBXBuildFile; fileRef = E38B8BD62AE257CE006CFC85 /* permission_handler_apple.xcframework */; settings = {ATTRIBUTES = (CodeSignOnCopy, RemoveHeadersOnCopy, ); }; };
		E38B8C1A2AE257E1006CFC85 /* shared_preferences_foundation.xcframework in Embed Frameworks */ = {isa = PBXBuildFile; fileRef = E38B8BD42AE257CE006CFC85 /* shared_preferences_foundation.xcframework */; settings = {ATTRIBUTES = (CodeSignOnCopy, RemoveHeadersOnCopy, ); }; };
		E38B8C1B2AE257E1006CFC85 /* sqflite.xcframework in Embed Frameworks */ = {isa = PBXBuildFile; fileRef = E38B8BD92AE257CE006CFC85 /* sqflite.xcframework */; settings = {ATTRIBUTES = (CodeSignOnCopy, RemoveHeadersOnCopy, ); }; };
		E38B8C1C2AE257E1006CFC85 /* url_launcher_ios.xcframework in Embed Frameworks */ = {isa = PBXBuildFile; fileRef = E38B8BD72AE257CE006CFC85 /* url_launcher_ios.xcframework */; settings = {ATTRIBUTES = (CodeSignOnCopy, RemoveHeadersOnCopy, ); }; };
		E38B8C1D2AE257E1006CFC85 /* video_player_avfoundation.xcframework in Embed Frameworks */ = {isa = PBXBuildFile; fileRef = E38B8BC02AE257CE006CFC85 /* video_player_avfoundation.xcframework */; settings = {ATTRIBUTES = (CodeSignOnCopy, RemoveHeadersOnCopy, ); }; };
		E38B8C1E2AE257E1006CFC85 /* wakelock.xcframework in Embed Frameworks */ = {isa = PBXBuildFile; fileRef = E38B8BDD2AE257CF006CFC85 /* wakelock.xcframework */; settings = {ATTRIBUTES = (CodeSignOnCopy, RemoveHeadersOnCopy, ); }; };
		E38B8C1F2AE257E1006CFC85 /* webview_flutter_wkwebview.xcframework in Embed Frameworks */ = {isa = PBXBuildFile; fileRef = E38B8BCB2AE257CE006CFC85 /* webview_flutter_wkwebview.xcframework */; settings = {ATTRIBUTES = (CodeSignOnCopy, RemoveHeadersOnCopy, ); }; };
/* End PBXBuildFile section */

/* Begin PBXContainerItemProxy section */
		E37D88AE2AE175FD004FD5E3 /* PBXContainerItemProxy */ = {
			isa = PBXContainerItemProxy;
			containerPortal = E37D888F2AE175FC004FD5E3 /* Project object */;
			proxyType = 1;
			remoteGlobalIDString = E37D88962AE175FC004FD5E3;
			remoteInfo = IOSExampleV2;
		};
		E37D88B82AE175FD004FD5E3 /* PBXContainerItemProxy */ = {
			isa = PBXContainerItemProxy;
			containerPortal = E37D888F2AE175FC004FD5E3 /* Project object */;
			proxyType = 1;
			remoteGlobalIDString = E37D88962AE175FC004FD5E3;
			remoteInfo = IOSExampleV2;
		};
/* End PBXContainerItemProxy section */

/* Begin PBXCopyFilesBuildPhase section */
		E38B8B772AE256C9006CFC85 /* Embed Frameworks */ = {
			isa = PBXCopyFilesBuildPhase;
			buildActionMask = 2147483647;
			dstPath = "";
			dstSubfolderSpec = 10;
			files = (
				E38B8BFF2AE257E1006CFC85 /* App.xcframework in Embed Frameworks */,
				E38B8C002AE257E1006CFC85 /* audio_session.xcframework in Embed Frameworks */,
				E38B8C012AE257E1006CFC85 /* device_info_plus.xcframework in Embed Frameworks */,
				E38B8C022AE257E1006CFC85 /* devicelocale.xcframework in Embed Frameworks */,
				E38B8C032AE257E1006CFC85 /* eums.xcframework in Embed Frameworks */,
				E38B8C042AE257E1006CFC85 /* FBLPromises.xcframework in Embed Frameworks */,
				E38B8C052AE257E1006CFC85 /* firebase_core.xcframework in Embed Frameworks */,
				E38B8C062AE257E1006CFC85 /* firebase_messaging.xcframework in Embed Frameworks */,
				E38B8C072AE257E1006CFC85 /* FirebaseCore.xcframework in Embed Frameworks */,
				E38B8C082AE257E1006CFC85 /* FirebaseCoreInternal.xcframework in Embed Frameworks */,
				E38B8C092AE257E1006CFC85 /* FirebaseInstallations.xcframework in Embed Frameworks */,
				E38B8C0A2AE257E1006CFC85 /* FirebaseMessaging.xcframework in Embed Frameworks */,
				E38B8C0B2AE257E1006CFC85 /* flutter_background_service_ios.xcframework in Embed Frameworks */,
				E38B8C0C2AE257E1006CFC85 /* flutter_inappwebview.xcframework in Embed Frameworks */,
				E38B8C0D2AE257E1006CFC85 /* flutter_local_notifications.xcframework in Embed Frameworks */,
				E38B8C0E2AE257E1006CFC85 /* FlutterPluginRegistrant.xcframework in Embed Frameworks */,
				E38B8C0F2AE257E1006CFC85 /* FMDB.xcframework in Embed Frameworks */,
				E38B8C102AE257E1006CFC85 /* geolocator_apple.xcframework in Embed Frameworks */,
				E38B8C112AE257E1006CFC85 /* GoogleDataTransport.xcframework in Embed Frameworks */,
				E38B8C122AE257E1006CFC85 /* GoogleUtilities.xcframework in Embed Frameworks */,
				E38B8C132AE257E1006CFC85 /* image_picker_ios.xcframework in Embed Frameworks */,
				E38B8C142AE257E1006CFC85 /* just_audio.xcframework in Embed Frameworks */,
				E38B8C152AE257E1006CFC85 /* nanopb.xcframework in Embed Frameworks */,
				E38B8C162AE257E1006CFC85 /* OrderedSet.xcframework in Embed Frameworks */,
				E38B8C172AE257E1006CFC85 /* package_info_plus.xcframework in Embed Frameworks */,
				E38B8C182AE257E1006CFC85 /* path_provider_foundation.xcframework in Embed Frameworks */,
				E38B8C192AE257E1006CFC85 /* permission_handler_apple.xcframework in Embed Frameworks */,
				E38B8C1A2AE257E1006CFC85 /* shared_preferences_foundation.xcframework in Embed Frameworks */,
				E38B8C1B2AE257E1006CFC85 /* sqflite.xcframework in Embed Frameworks */,
				E38B8C1C2AE257E1006CFC85 /* url_launcher_ios.xcframework in Embed Frameworks */,
				E38B8C1D2AE257E1006CFC85 /* video_player_avfoundation.xcframework in Embed Frameworks */,
				E38B8C1E2AE257E1006CFC85 /* wakelock.xcframework in Embed Frameworks */,
				E38B8C1F2AE257E1006CFC85 /* webview_flutter_wkwebview.xcframework in Embed Frameworks */,
			);
			name = "Embed Frameworks";
			runOnlyForDeploymentPostprocessing = 0;
		};
/* End PBXCopyFilesBuildPhase section */

/* Begin PBXFileReference section */
		380A6470C890866EB6F711C3 /* Pods-IOSExampleV2.release.xcconfig */ = {isa = PBXFileReference; includeInIndex = 1; lastKnownFileType = text.xcconfig; name = "Pods-IOSExampleV2.release.xcconfig"; path = "Target Support Files/Pods-IOSExampleV2/Pods-IOSExampleV2.release.xcconfig"; sourceTree = "<group>"; };
		3D403BDA490D6E643252D762 /* Pods-IOSExampleV2.debug.xcconfig */ = {isa = PBXFileReference; includeInIndex = 1; lastKnownFileType = text.xcconfig; name = "Pods-IOSExampleV2.debug.xcconfig"; path = "Target Support Files/Pods-IOSExampleV2/Pods-IOSExampleV2.debug.xcconfig"; sourceTree = "<group>"; };
		E347DE8C2AE19BA3004FACCD /* Info.plist */ = {isa = PBXFileReference; fileEncoding = 4; lastKnownFileType = text.plist.xml; path = Info.plist; sourceTree = "<group>"; };
		E37D88972AE175FC004FD5E3 /* IOSExampleV2.app */ = {isa = PBXFileReference; explicitFileType = wrapper.application; includeInIndex = 0; path = IOSExampleV2.app; sourceTree = BUILT_PRODUCTS_DIR; };
		E37D889A2AE175FC004FD5E3 /* AppDelegate.swift */ = {isa = PBXFileReference; lastKnownFileType = sourcecode.swift; path = AppDelegate.swift; sourceTree = "<group>"; };
		E37D889C2AE175FC004FD5E3 /* SceneDelegate.swift */ = {isa = PBXFileReference; lastKnownFileType = sourcecode.swift; path = SceneDelegate.swift; sourceTree = "<group>"; };
		E37D889E2AE175FC004FD5E3 /* ViewController.swift */ = {isa = PBXFileReference; lastKnownFileType = sourcecode.swift; path = ViewController.swift; sourceTree = "<group>"; };
		E37D88A12AE175FC004FD5E3 /* Base */ = {isa = PBXFileReference; lastKnownFileType = file.storyboard; name = Base; path = Base.lproj/Main.storyboard; sourceTree = "<group>"; };
		E37D88A32AE175FD004FD5E3 /* Assets.xcassets */ = {isa = PBXFileReference; lastKnownFileType = folder.assetcatalog; path = Assets.xcassets; sourceTree = "<group>"; };
		E37D88A62AE175FD004FD5E3 /* Base */ = {isa = PBXFileReference; lastKnownFileType = file.storyboard; name = Base; path = Base.lproj/LaunchScreen.storyboard; sourceTree = "<group>"; };
		E37D88AD2AE175FD004FD5E3 /* IOSExampleV2Tests.xctest */ = {isa = PBXFileReference; explicitFileType = wrapper.cfbundle; includeInIndex = 0; path = IOSExampleV2Tests.xctest; sourceTree = BUILT_PRODUCTS_DIR; };
		E37D88B72AE175FD004FD5E3 /* IOSExampleV2UITests.xctest */ = {isa = PBXFileReference; explicitFileType = wrapper.cfbundle; includeInIndex = 0; path = IOSExampleV2UITests.xctest; sourceTree = BUILT_PRODUCTS_DIR; };
		E37D88CA2AE17676004FD5E3 /* GoogleService-Info.plist */ = {isa = PBXFileReference; fileEncoding = 4; lastKnownFileType = text.plist.xml; path = "GoogleService-Info.plist"; sourceTree = "<group>"; };
		E37D88CC2AE183FA004FD5E3 /* IOSExampleV2.entitlements */ = {isa = PBXFileReference; lastKnownFileType = text.plist.entitlements; path = IOSExampleV2.entitlements; sourceTree = "<group>"; };
		E37D88CD2AE18538004FD5E3 /* api.h */ = {isa = PBXFileReference; lastKnownFileType = sourcecode.c.h; path = api.h; sourceTree = "<group>"; };
		E37D88D02AE18598004FD5E3 /* IOSExampleV2-Bridging-Header.h */ = {isa = PBXFileReference; lastKnownFileType = sourcecode.c.h; path = "IOSExampleV2-Bridging-Header.h"; sourceTree = "<group>"; };
		E37D88D12AE18599004FD5E3 /* api.m */ = {isa = PBXFileReference; lastKnownFileType = sourcecode.c.objc; path = api.m; sourceTree = "<group>"; };
		E38B8BBB2AE25762006CFC85 /* Flutter */ = {isa = PBXFileReference; lastKnownFileType = folder; path = Flutter; sourceTree = "<group>"; };
		E38B8BBD2AE257CE006CFC85 /* firebase_core.xcframework */ = {isa = PBXFileReference; lastKnownFileType = wrapper.xcframework; name = firebase_core.xcframework; path = Flutter/Debug/firebase_core.xcframework; sourceTree = "<group>"; };
		E38B8BBE2AE257CE006CFC85 /* just_audio.xcframework */ = {isa = PBXFileReference; lastKnownFileType = wrapper.xcframework; name = just_audio.xcframework; path = Flutter/Debug/just_audio.xcframework; sourceTree = "<group>"; };
		E38B8BBF2AE257CE006CFC85 /* FirebaseCoreInternal.xcframework */ = {isa = PBXFileReference; lastKnownFileType = wrapper.xcframework; name = FirebaseCoreInternal.xcframework; path = Flutter/Debug/FirebaseCoreInternal.xcframework; sourceTree = "<group>"; };
		E38B8BC02AE257CE006CFC85 /* video_player_avfoundation.xcframework */ = {isa = PBXFileReference; lastKnownFileType = wrapper.xcframework; name = video_player_avfoundation.xcframework; path = Flutter/Debug/video_player_avfoundation.xcframework; sourceTree = "<group>"; };
		E38B8BC12AE257CE006CFC85 /* GoogleUtilities.xcframework */ = {isa = PBXFileReference; lastKnownFileType = wrapper.xcframework; name = GoogleUtilities.xcframework; path = Flutter/Debug/GoogleUtilities.xcframework; sourceTree = "<group>"; };
		E38B8BC22AE257CE006CFC85 /* package_info_plus.xcframework */ = {isa = PBXFileReference; lastKnownFileType = wrapper.xcframework; name = package_info_plus.xcframework; path = Flutter/Debug/package_info_plus.xcframework; sourceTree = "<group>"; };
		E38B8BC32AE257CE006CFC85 /* FirebaseMessaging.xcframework */ = {isa = PBXFileReference; lastKnownFileType = wrapper.xcframework; name = FirebaseMessaging.xcframework; path = Flutter/Debug/FirebaseMessaging.xcframework; sourceTree = "<group>"; };
		E38B8BC42AE257CE006CFC85 /* flutter_background_service_ios.xcframework */ = {isa = PBXFileReference; lastKnownFileType = wrapper.xcframework; name = flutter_background_service_ios.xcframework; path = Flutter/Debug/flutter_background_service_ios.xcframework; sourceTree = "<group>"; };
		E38B8BC52AE257CE006CFC85 /* path_provider_foundation.xcframework */ = {isa = PBXFileReference; lastKnownFileType = wrapper.xcframework; name = path_provider_foundation.xcframework; path = Flutter/Debug/path_provider_foundation.xcframework; sourceTree = "<group>"; };
		E38B8BC62AE257CE006CFC85 /* device_info_plus.xcframework */ = {isa = PBXFileReference; lastKnownFileType = wrapper.xcframework; name = device_info_plus.xcframework; path = Flutter/Debug/device_info_plus.xcframework; sourceTree = "<group>"; };
		E38B8BC72AE257CE006CFC85 /* FirebaseCore.xcframework */ = {isa = PBXFileReference; lastKnownFileType = wrapper.xcframework; name = FirebaseCore.xcframework; path = Flutter/Debug/FirebaseCore.xcframework; sourceTree = "<group>"; };
		E38B8BC82AE257CE006CFC85 /* FlutterPluginRegistrant.xcframework */ = {isa = PBXFileReference; lastKnownFileType = wrapper.xcframework; name = FlutterPluginRegistrant.xcframework; path = Flutter/Debug/FlutterPluginRegistrant.xcframework; sourceTree = "<group>"; };
		E38B8BC92AE257CE006CFC85 /* flutter_local_notifications.xcframework */ = {isa = PBXFileReference; lastKnownFileType = wrapper.xcframework; name = flutter_local_notifications.xcframework; path = Flutter/Debug/flutter_local_notifications.xcframework; sourceTree = "<group>"; };
		E38B8BCA2AE257CE006CFC85 /* image_picker_ios.xcframework */ = {isa = PBXFileReference; lastKnownFileType = wrapper.xcframework; name = image_picker_ios.xcframework; path = Flutter/Debug/image_picker_ios.xcframework; sourceTree = "<group>"; };
		E38B8BCB2AE257CE006CFC85 /* webview_flutter_wkwebview.xcframework */ = {isa = PBXFileReference; lastKnownFileType = wrapper.xcframework; name = webview_flutter_wkwebview.xcframework; path = Flutter/Debug/webview_flutter_wkwebview.xcframework; sourceTree = "<group>"; };
		E38B8BCC2AE257CE006CFC85 /* flutter_inappwebview.xcframework */ = {isa = PBXFileReference; lastKnownFileType = wrapper.xcframework; name = flutter_inappwebview.xcframework; path = Flutter/Debug/flutter_inappwebview.xcframework; sourceTree = "<group>"; };
		E38B8BCD2AE257CE006CFC85 /* firebase_messaging.xcframework */ = {isa = PBXFileReference; lastKnownFileType = wrapper.xcframework; name = firebase_messaging.xcframework; path = Flutter/Debug/firebase_messaging.xcframework; sourceTree = "<group>"; };
		E38B8BCE2AE257CE006CFC85 /* devicelocale.xcframework */ = {isa = PBXFileReference; lastKnownFileType = wrapper.xcframework; name = devicelocale.xcframework; path = Flutter/Debug/devicelocale.xcframework; sourceTree = "<group>"; };
		E38B8BCF2AE257CE006CFC85 /* eums.xcframework */ = {isa = PBXFileReference; lastKnownFileType = wrapper.xcframework; name = eums.xcframework; path = Flutter/Debug/eums.xcframework; sourceTree = "<group>"; };
		E38B8BD02AE257CE006CFC85 /* audio_session.xcframework */ = {isa = PBXFileReference; lastKnownFileType = wrapper.xcframework; name = audio_session.xcframework; path = Flutter/Debug/audio_session.xcframework; sourceTree = "<group>"; };
		E38B8BD12AE257CE006CFC85 /* OrderedSet.xcframework */ = {isa = PBXFileReference; lastKnownFileType = wrapper.xcframework; name = OrderedSet.xcframework; path = Flutter/Debug/OrderedSet.xcframework; sourceTree = "<group>"; };
		E38B8BD22AE257CE006CFC85 /* FirebaseInstallations.xcframework */ = {isa = PBXFileReference; lastKnownFileType = wrapper.xcframework; name = FirebaseInstallations.xcframework; path = Flutter/Debug/FirebaseInstallations.xcframework; sourceTree = "<group>"; };
		E38B8BD32AE257CE006CFC85 /* GoogleDataTransport.xcframework */ = {isa = PBXFileReference; lastKnownFileType = wrapper.xcframework; name = GoogleDataTransport.xcframework; path = Flutter/Debug/GoogleDataTransport.xcframework; sourceTree = "<group>"; };
		E38B8BD42AE257CE006CFC85 /* shared_preferences_foundation.xcframework */ = {isa = PBXFileReference; lastKnownFileType = wrapper.xcframework; name = shared_preferences_foundation.xcframework; path = Flutter/Debug/shared_preferences_foundation.xcframework; sourceTree = "<group>"; };
		E38B8BD52AE257CE006CFC85 /* geolocator_apple.xcframework */ = {isa = PBXFileReference; lastKnownFileType = wrapper.xcframework; name = geolocator_apple.xcframework; path = Flutter/Debug/geolocator_apple.xcframework; sourceTree = "<group>"; };
		E38B8BD62AE257CE006CFC85 /* permission_handler_apple.xcframework */ = {isa = PBXFileReference; lastKnownFileType = wrapper.xcframework; name = permission_handler_apple.xcframework; path = Flutter/Debug/permission_handler_apple.xcframework; sourceTree = "<group>"; };
		E38B8BD72AE257CE006CFC85 /* url_launcher_ios.xcframework */ = {isa = PBXFileReference; lastKnownFileType = wrapper.xcframework; name = url_launcher_ios.xcframework; path = Flutter/Debug/url_launcher_ios.xcframework; sourceTree = "<group>"; };
		E38B8BD82AE257CE006CFC85 /* nanopb.xcframework */ = {isa = PBXFileReference; lastKnownFileType = wrapper.xcframework; name = nanopb.xcframework; path = Flutter/Debug/nanopb.xcframework; sourceTree = "<group>"; };
		E38B8BD92AE257CE006CFC85 /* sqflite.xcframework */ = {isa = PBXFileReference; lastKnownFileType = wrapper.xcframework; name = sqflite.xcframework; path = Flutter/Debug/sqflite.xcframework; sourceTree = "<group>"; };
		E38B8BDA2AE257CE006CFC85 /* FMDB.xcframework */ = {isa = PBXFileReference; lastKnownFileType = wrapper.xcframework; name = FMDB.xcframework; path = Flutter/Debug/FMDB.xcframework; sourceTree = "<group>"; };
		E38B8BDB2AE257CE006CFC85 /* App.xcframework */ = {isa = PBXFileReference; lastKnownFileType = wrapper.xcframework; name = App.xcframework; path = Flutter/Debug/App.xcframework; sourceTree = "<group>"; };
		E38B8BDC2AE257CF006CFC85 /* FBLPromises.xcframework */ = {isa = PBXFileReference; lastKnownFileType = wrapper.xcframework; name = FBLPromises.xcframework; path = Flutter/Debug/FBLPromises.xcframework; sourceTree = "<group>"; };
		E38B8BDD2AE257CF006CFC85 /* wakelock.xcframework */ = {isa = PBXFileReference; lastKnownFileType = wrapper.xcframework; name = wakelock.xcframework; path = Flutter/Debug/wakelock.xcframework; sourceTree = "<group>"; };
		F9FFFF6B503CA441C3548874 /* Pods_IOSExampleV2.framework */ = {isa = PBXFileReference; explicitFileType = wrapper.framework; includeInIndex = 0; path = Pods_IOSExampleV2.framework; sourceTree = BUILT_PRODUCTS_DIR; };
/* End PBXFileReference section */

/* Begin PBXFrameworksBuildPhase section */
		E37D88942AE175FC004FD5E3 /* Frameworks */ = {
			isa = PBXFrameworksBuildPhase;
			buildActionMask = 2147483647;
			files = (
				E38B8BDE2AE257CF006CFC85 /* firebase_core.xcframework in Frameworks */,
				E38B8BDF2AE257CF006CFC85 /* just_audio.xcframework in Frameworks */,
				E38B8BE02AE257CF006CFC85 /* FirebaseCoreInternal.xcframework in Frameworks */,
				E38B8BE12AE257CF006CFC85 /* video_player_avfoundation.xcframework in Frameworks */,
				E38B8BE22AE257CF006CFC85 /* GoogleUtilities.xcframework in Frameworks */,
				E38B8BE32AE257CF006CFC85 /* package_info_plus.xcframework in Frameworks */,
				E38B8BE42AE257CF006CFC85 /* FirebaseMessaging.xcframework in Frameworks */,
				E38B8BE52AE257CF006CFC85 /* flutter_background_service_ios.xcframework in Frameworks */,
				E38B8BE62AE257CF006CFC85 /* path_provider_foundation.xcframework in Frameworks */,
				E38B8BE72AE257CF006CFC85 /* device_info_plus.xcframework in Frameworks */,
				E38B8BE82AE257CF006CFC85 /* FirebaseCore.xcframework in Frameworks */,
				E38B8BE92AE257CF006CFC85 /* FlutterPluginRegistrant.xcframework in Frameworks */,
				E38B8BEA2AE257CF006CFC85 /* flutter_local_notifications.xcframework in Frameworks */,
				E38B8BEB2AE257CF006CFC85 /* image_picker_ios.xcframework in Frameworks */,
				E38B8BEC2AE257CF006CFC85 /* webview_flutter_wkwebview.xcframework in Frameworks */,
				E38B8BED2AE257CF006CFC85 /* flutter_inappwebview.xcframework in Frameworks */,
				E38B8BEE2AE257CF006CFC85 /* firebase_messaging.xcframework in Frameworks */,
				E38B8BEF2AE257CF006CFC85 /* devicelocale.xcframework in Frameworks */,
				E38B8BF02AE257CF006CFC85 /* eums.xcframework in Frameworks */,
				E38B8BF12AE257CF006CFC85 /* audio_session.xcframework in Frameworks */,
				E38B8BF22AE257CF006CFC85 /* OrderedSet.xcframework in Frameworks */,
				E38B8BF32AE257CF006CFC85 /* FirebaseInstallations.xcframework in Frameworks */,
				E38B8BF42AE257CF006CFC85 /* GoogleDataTransport.xcframework in Frameworks */,
				E38B8BF52AE257CF006CFC85 /* shared_preferences_foundation.xcframework in Frameworks */,
				E38B8BF62AE257CF006CFC85 /* geolocator_apple.xcframework in Frameworks */,
				E38B8BF72AE257CF006CFC85 /* permission_handler_apple.xcframework in Frameworks */,
				E38B8BF82AE257CF006CFC85 /* url_launcher_ios.xcframework in Frameworks */,
				E38B8BF92AE257CF006CFC85 /* nanopb.xcframework in Frameworks */,
				E38B8BFA2AE257CF006CFC85 /* sqflite.xcframework in Frameworks */,
				E38B8BFB2AE257CF006CFC85 /* FMDB.xcframework in Frameworks */,
				E38B8BFC2AE257CF006CFC85 /* App.xcframework in Frameworks */,
				E38B8BFD2AE257CF006CFC85 /* FBLPromises.xcframework in Frameworks */,
				E38B8BFE2AE257CF006CFC85 /* wakelock.xcframework in Frameworks */,
				048D63285B2942BC4E4BD983 /* Pods_IOSExampleV2.framework in Frameworks */,
			);
			runOnlyForDeploymentPostprocessing = 0;
		};
		E37D88AA2AE175FD004FD5E3 /* Frameworks */ = {
			isa = PBXFrameworksBuildPhase;
			buildActionMask = 2147483647;
			files = (
			);
			runOnlyForDeploymentPostprocessing = 0;
		};
		E37D88B42AE175FD004FD5E3 /* Frameworks */ = {
			isa = PBXFrameworksBuildPhase;
			buildActionMask = 2147483647;
			files = (
			);
			runOnlyForDeploymentPostprocessing = 0;
		};
/* End PBXFrameworksBuildPhase section */

/* Begin PBXGroup section */
		466B4B9B050D62B618B4597E /* Pods */ = {
			isa = PBXGroup;
			children = (
				3D403BDA490D6E643252D762 /* Pods-IOSExampleV2.debug.xcconfig */,
				380A6470C890866EB6F711C3 /* Pods-IOSExampleV2.release.xcconfig */,
			);
			path = Pods;
			sourceTree = "<group>";
		};
		789752841040C69B3C64393F /* Frameworks */ = {
			isa = PBXGroup;
			children = (
				E38B8BDB2AE257CE006CFC85 /* App.xcframework */,
				E38B8BD02AE257CE006CFC85 /* audio_session.xcframework */,
				E38B8BC62AE257CE006CFC85 /* device_info_plus.xcframework */,
				E38B8BCE2AE257CE006CFC85 /* devicelocale.xcframework */,
				E38B8BCF2AE257CE006CFC85 /* eums.xcframework */,
				E38B8BDC2AE257CF006CFC85 /* FBLPromises.xcframework */,
				E38B8BBD2AE257CE006CFC85 /* firebase_core.xcframework */,
				E38B8BCD2AE257CE006CFC85 /* firebase_messaging.xcframework */,
				E38B8BC72AE257CE006CFC85 /* FirebaseCore.xcframework */,
				E38B8BBF2AE257CE006CFC85 /* FirebaseCoreInternal.xcframework */,
				E38B8BD22AE257CE006CFC85 /* FirebaseInstallations.xcframework */,
				E38B8BC32AE257CE006CFC85 /* FirebaseMessaging.xcframework */,
				E38B8BC42AE257CE006CFC85 /* flutter_background_service_ios.xcframework */,
				E38B8BCC2AE257CE006CFC85 /* flutter_inappwebview.xcframework */,
				E38B8BC92AE257CE006CFC85 /* flutter_local_notifications.xcframework */,
				E38B8BC82AE257CE006CFC85 /* FlutterPluginRegistrant.xcframework */,
				E38B8BDA2AE257CE006CFC85 /* FMDB.xcframework */,
				E38B8BD52AE257CE006CFC85 /* geolocator_apple.xcframework */,
				E38B8BD32AE257CE006CFC85 /* GoogleDataTransport.xcframework */,
				E38B8BC12AE257CE006CFC85 /* GoogleUtilities.xcframework */,
				E38B8BCA2AE257CE006CFC85 /* image_picker_ios.xcframework */,
				E38B8BBE2AE257CE006CFC85 /* just_audio.xcframework */,
				E38B8BD82AE257CE006CFC85 /* nanopb.xcframework */,
				E38B8BD12AE257CE006CFC85 /* OrderedSet.xcframework */,
				E38B8BC22AE257CE006CFC85 /* package_info_plus.xcframework */,
				E38B8BC52AE257CE006CFC85 /* path_provider_foundation.xcframework */,
				E38B8BD62AE257CE006CFC85 /* permission_handler_apple.xcframework */,
				E38B8BD42AE257CE006CFC85 /* shared_preferences_foundation.xcframework */,
				E38B8BD92AE257CE006CFC85 /* sqflite.xcframework */,
				E38B8BD72AE257CE006CFC85 /* url_launcher_ios.xcframework */,
				E38B8BC02AE257CE006CFC85 /* video_player_avfoundation.xcframework */,
				E38B8BDD2AE257CF006CFC85 /* wakelock.xcframework */,
				E38B8BCB2AE257CE006CFC85 /* webview_flutter_wkwebview.xcframework */,
				F9FFFF6B503CA441C3548874 /* Pods_IOSExampleV2.framework */,
			);
			name = Frameworks;
			sourceTree = "<group>";
		};
		E37D888E2AE175FC004FD5E3 = {
			isa = PBXGroup;
			children = (
				E38B8BBB2AE25762006CFC85 /* Flutter */,
				E37D88992AE175FC004FD5E3 /* IOSExampleV2 */,
				E37D88982AE175FC004FD5E3 /* Products */,
				466B4B9B050D62B618B4597E /* Pods */,
				789752841040C69B3C64393F /* Frameworks */,
			);
			sourceTree = "<group>";
		};
		E37D88982AE175FC004FD5E3 /* Products */ = {
			isa = PBXGroup;
			children = (
				E37D88972AE175FC004FD5E3 /* IOSExampleV2.app */,
				E37D88AD2AE175FD004FD5E3 /* IOSExampleV2Tests.xctest */,
				E37D88B72AE175FD004FD5E3 /* IOSExampleV2UITests.xctest */,
			);
			name = Products;
			sourceTree = "<group>";
		};
		E37D88992AE175FC004FD5E3 /* IOSExampleV2 */ = {
			isa = PBXGroup;
			children = (
				E347DE8C2AE19BA3004FACCD /* Info.plist */,
				E37D88CC2AE183FA004FD5E3 /* IOSExampleV2.entitlements */,
				E37D88CA2AE17676004FD5E3 /* GoogleService-Info.plist */,
				E37D889A2AE175FC004FD5E3 /* AppDelegate.swift */,
				E37D889C2AE175FC004FD5E3 /* SceneDelegate.swift */,
				E37D889E2AE175FC004FD5E3 /* ViewController.swift */,
				E37D88A02AE175FC004FD5E3 /* Main.storyboard */,
				E37D88A32AE175FD004FD5E3 /* Assets.xcassets */,
				E37D88A52AE175FD004FD5E3 /* LaunchScreen.storyboard */,
				E37D88CD2AE18538004FD5E3 /* api.h */,
				E37D88D12AE18599004FD5E3 /* api.m */,
				E37D88D02AE18598004FD5E3 /* IOSExampleV2-Bridging-Header.h */,
			);
			path = IOSExampleV2;
			sourceTree = "<group>";
		};
/* End PBXGroup section */

/* Begin PBXNativeTarget section */
		E37D88962AE175FC004FD5E3 /* IOSExampleV2 */ = {
			isa = PBXNativeTarget;
			buildConfigurationList = E37D88C12AE175FD004FD5E3 /* Build configuration list for PBXNativeTarget "IOSExampleV2" */;
			buildPhases = (
				4E30BF73A4D44859C150455B /* [CP] Check Pods Manifest.lock */,
				E37D88932AE175FC004FD5E3 /* Sources */,
				E37D88942AE175FC004FD5E3 /* Frameworks */,
				E37D88952AE175FC004FD5E3 /* Resources */,
				476E87BE97E5E6F22E335CED /* [CP] Embed Pods Frameworks */,
				E38B8B772AE256C9006CFC85 /* Embed Frameworks */,
			);
			buildRules = (
			);
			dependencies = (
			);
			name = IOSExampleV2;
			productName = IOSExampleV2;
			productReference = E37D88972AE175FC004FD5E3 /* IOSExampleV2.app */;
			productType = "com.apple.product-type.application";
		};
		E37D88AC2AE175FD004FD5E3 /* IOSExampleV2Tests */ = {
			isa = PBXNativeTarget;
			buildConfigurationList = E37D88C42AE175FD004FD5E3 /* Build configuration list for PBXNativeTarget "IOSExampleV2Tests" */;
			buildPhases = (
				E37D88A92AE175FD004FD5E3 /* Sources */,
				E37D88AA2AE175FD004FD5E3 /* Frameworks */,
				E37D88AB2AE175FD004FD5E3 /* Resources */,
			);
			buildRules = (
			);
			dependencies = (
				E37D88AF2AE175FD004FD5E3 /* PBXTargetDependency */,
			);
			name = IOSExampleV2Tests;
			productName = IOSExampleV2Tests;
			productReference = E37D88AD2AE175FD004FD5E3 /* IOSExampleV2Tests.xctest */;
			productType = "com.apple.product-type.bundle.unit-test";
		};
		E37D88B62AE175FD004FD5E3 /* IOSExampleV2UITests */ = {
			isa = PBXNativeTarget;
			buildConfigurationList = E37D88C72AE175FD004FD5E3 /* Build configuration list for PBXNativeTarget "IOSExampleV2UITests" */;
			buildPhases = (
				E37D88B32AE175FD004FD5E3 /* Sources */,
				E37D88B42AE175FD004FD5E3 /* Frameworks */,
				E37D88B52AE175FD004FD5E3 /* Resources */,
			);
			buildRules = (
			);
			dependencies = (
				E37D88B92AE175FD004FD5E3 /* PBXTargetDependency */,
			);
			name = IOSExampleV2UITests;
			productName = IOSExampleV2UITests;
			productReference = E37D88B72AE175FD004FD5E3 /* IOSExampleV2UITests.xctest */;
			productType = "com.apple.product-type.bundle.ui-testing";
		};
/* End PBXNativeTarget section */

/* Begin PBXProject section */
		E37D888F2AE175FC004FD5E3 /* Project object */ = {
			isa = PBXProject;
			attributes = {
				BuildIndependentTargetsInParallel = 1;
				LastSwiftUpdateCheck = 1500;
				LastUpgradeCheck = 1500;
				TargetAttributes = {
					E37D88962AE175FC004FD5E3 = {
						CreatedOnToolsVersion = 15.0;
						LastSwiftMigration = 1500;
					};
					E37D88AC2AE175FD004FD5E3 = {
						CreatedOnToolsVersion = 15.0;
						TestTargetID = E37D88962AE175FC004FD5E3;
					};
					E37D88B62AE175FD004FD5E3 = {
						CreatedOnToolsVersion = 15.0;
						TestTargetID = E37D88962AE175FC004FD5E3;
					};
				};
			};
			buildConfigurationList = E37D88922AE175FC004FD5E3 /* Build configuration list for PBXProject "IOSExampleV2" */;
			compatibilityVersion = "Xcode 14.0";
			developmentRegion = en;
			hasScannedForEncodings = 0;
			knownRegions = (
				en,
				Base,
			);
			mainGroup = E37D888E2AE175FC004FD5E3;
			productRefGroup = E37D88982AE175FC004FD5E3 /* Products */;
			projectDirPath = "";
			projectRoot = "";
			targets = (
				E37D88962AE175FC004FD5E3 /* IOSExampleV2 */,
				E37D88AC2AE175FD004FD5E3 /* IOSExampleV2Tests */,
				E37D88B62AE175FD004FD5E3 /* IOSExampleV2UITests */,
			);
		};
/* End PBXProject section */

/* Begin PBXResourcesBuildPhase section */
		E37D88952AE175FC004FD5E3 /* Resources */ = {
			isa = PBXResourcesBuildPhase;
			buildActionMask = 2147483647;
			files = (
				E37D88A72AE175FD004FD5E3 /* LaunchScreen.storyboard in Resources */,
				E37D88CB2AE17676004FD5E3 /* GoogleService-Info.plist in Resources */,
				E37D88A42AE175FD004FD5E3 /* Assets.xcassets in Resources */,
				E37D88A22AE175FC004FD5E3 /* Main.storyboard in Resources */,
				E38B8BBC2AE25762006CFC85 /* Flutter in Resources */,
			);
			runOnlyForDeploymentPostprocessing = 0;
		};
		E37D88AB2AE175FD004FD5E3 /* Resources */ = {
			isa = PBXResourcesBuildPhase;
			buildActionMask = 2147483647;
			files = (
			);
			runOnlyForDeploymentPostprocessing = 0;
		};
		E37D88B52AE175FD004FD5E3 /* Resources */ = {
			isa = PBXResourcesBuildPhase;
			buildActionMask = 2147483647;
			files = (
			);
			runOnlyForDeploymentPostprocessing = 0;
		};
/* End PBXResourcesBuildPhase section */

/* Begin PBXShellScriptBuildPhase section */
		476E87BE97E5E6F22E335CED /* [CP] Embed Pods Frameworks */ = {
			isa = PBXShellScriptBuildPhase;
			buildActionMask = 12;
			files = (
			);
			inputFileListPaths = (
				"${PODS_ROOT}/Target Support Files/Pods-IOSExampleV2/Pods-IOSExampleV2-frameworks-${CONFIGURATION}-input-files.xcfilelist",
			);
			name = "[CP] Embed Pods Frameworks";
			outputFileListPaths = (
				"${PODS_ROOT}/Target Support Files/Pods-IOSExampleV2/Pods-IOSExampleV2-frameworks-${CONFIGURATION}-output-files.xcfilelist",
			);
			runOnlyForDeploymentPostprocessing = 0;
			shellPath = /bin/sh;
			shellScript = "\"${PODS_ROOT}/Target Support Files/Pods-IOSExampleV2/Pods-IOSExampleV2-frameworks.sh\"\n";
			showEnvVarsInLog = 0;
		};
		4E30BF73A4D44859C150455B /* [CP] Check Pods Manifest.lock */ = {
			isa = PBXShellScriptBuildPhase;
			buildActionMask = 2147483647;
			files = (
			);
			inputFileListPaths = (
			);
			inputPaths = (
				"${PODS_PODFILE_DIR_PATH}/Podfile.lock",
				"${PODS_ROOT}/Manifest.lock",
			);
			name = "[CP] Check Pods Manifest.lock";
			outputFileListPaths = (
			);
			outputPaths = (
				"$(DERIVED_FILE_DIR)/Pods-IOSExampleV2-checkManifestLockResult.txt",
			);
			runOnlyForDeploymentPostprocessing = 0;
			shellPath = /bin/sh;
			shellScript = "diff \"${PODS_PODFILE_DIR_PATH}/Podfile.lock\" \"${PODS_ROOT}/Manifest.lock\" > /dev/null\nif [ $? != 0 ] ; then\n    # print error to STDERR\n    echo \"error: The sandbox is not in sync with the Podfile.lock. Run 'pod install' or update your CocoaPods installation.\" >&2\n    exit 1\nfi\n# This output is used by Xcode 'outputs' to avoid re-running this script phase.\necho \"SUCCESS\" > \"${SCRIPT_OUTPUT_FILE_0}\"\n";
			showEnvVarsInLog = 0;
		};
/* End PBXShellScriptBuildPhase section */

/* Begin PBXSourcesBuildPhase section */
		E37D88932AE175FC004FD5E3 /* Sources */ = {
			isa = PBXSourcesBuildPhase;
			buildActionMask = 2147483647;
			files = (
				E37D889F2AE175FC004FD5E3 /* ViewController.swift in Sources */,
				E37D889B2AE175FC004FD5E3 /* AppDelegate.swift in Sources */,
				E37D88D22AE18599004FD5E3 /* api.m in Sources */,
				E37D889D2AE175FC004FD5E3 /* SceneDelegate.swift in Sources */,
			);
			runOnlyForDeploymentPostprocessing = 0;
		};
		E37D88A92AE175FD004FD5E3 /* Sources */ = {
			isa = PBXSourcesBuildPhase;
			buildActionMask = 2147483647;
			files = (
			);
			runOnlyForDeploymentPostprocessing = 0;
		};
		E37D88B32AE175FD004FD5E3 /* Sources */ = {
			isa = PBXSourcesBuildPhase;
			buildActionMask = 2147483647;
			files = (
			);
			runOnlyForDeploymentPostprocessing = 0;
		};
/* End PBXSourcesBuildPhase section */

/* Begin PBXTargetDependency section */
		E37D88AF2AE175FD004FD5E3 /* PBXTargetDependency */ = {
			isa = PBXTargetDependency;
			target = E37D88962AE175FC004FD5E3 /* IOSExampleV2 */;
			targetProxy = E37D88AE2AE175FD004FD5E3 /* PBXContainerItemProxy */;
		};
		E37D88B92AE175FD004FD5E3 /* PBXTargetDependency */ = {
			isa = PBXTargetDependency;
			target = E37D88962AE175FC004FD5E3 /* IOSExampleV2 */;
			targetProxy = E37D88B82AE175FD004FD5E3 /* PBXContainerItemProxy */;
		};
/* End PBXTargetDependency section */

/* Begin PBXVariantGroup section */
		E37D88A02AE175FC004FD5E3 /* Main.storyboard */ = {
			isa = PBXVariantGroup;
			children = (
				E37D88A12AE175FC004FD5E3 /* Base */,
			);
			name = Main.storyboard;
			sourceTree = "<group>";
		};
		E37D88A52AE175FD004FD5E3 /* LaunchScreen.storyboard */ = {
			isa = PBXVariantGroup;
			children = (
				E37D88A62AE175FD004FD5E3 /* Base */,
			);
			name = LaunchScreen.storyboard;
			sourceTree = "<group>";
		};
/* End PBXVariantGroup section */

/* Begin XCBuildConfiguration section */
		E37D88BF2AE175FD004FD5E3 /* Debug */ = {
			isa = XCBuildConfiguration;
			buildSettings = {
				ALWAYS_SEARCH_USER_PATHS = NO;
				ASSETCATALOG_COMPILER_GENERATE_SWIFT_ASSET_SYMBOL_EXTENSIONS = YES;
				CLANG_ANALYZER_NONNULL = YES;
				CLANG_ANALYZER_NUMBER_OBJECT_CONVERSION = YES_AGGRESSIVE;
				CLANG_CXX_LANGUAGE_STANDARD = "gnu++20";
				CLANG_ENABLE_MODULES = YES;
				CLANG_ENABLE_OBJC_ARC = YES;
				CLANG_ENABLE_OBJC_WEAK = YES;
				CLANG_WARN_BLOCK_CAPTURE_AUTORELEASING = YES;
				CLANG_WARN_BOOL_CONVERSION = YES;
				CLANG_WARN_COMMA = YES;
				CLANG_WARN_CONSTANT_CONVERSION = YES;
				CLANG_WARN_DEPRECATED_OBJC_IMPLEMENTATIONS = YES;
				CLANG_WARN_DIRECT_OBJC_ISA_USAGE = YES_ERROR;
				CLANG_WARN_DOCUMENTATION_COMMENTS = YES;
				CLANG_WARN_EMPTY_BODY = YES;
				CLANG_WARN_ENUM_CONVERSION = YES;
				CLANG_WARN_INFINITE_RECURSION = YES;
				CLANG_WARN_INT_CONVERSION = YES;
				CLANG_WARN_NON_LITERAL_NULL_CONVERSION = YES;
				CLANG_WARN_OBJC_IMPLICIT_RETAIN_SELF = YES;
				CLANG_WARN_OBJC_LITERAL_CONVERSION = YES;
				CLANG_WARN_OBJC_ROOT_CLASS = YES_ERROR;
				CLANG_WARN_QUOTED_INCLUDE_IN_FRAMEWORK_HEADER = YES;
				CLANG_WARN_RANGE_LOOP_ANALYSIS = YES;
				CLANG_WARN_STRICT_PROTOTYPES = YES;
				CLANG_WARN_SUSPICIOUS_MOVE = YES;
				CLANG_WARN_UNGUARDED_AVAILABILITY = YES_AGGRESSIVE;
				CLANG_WARN_UNREACHABLE_CODE = YES;
				CLANG_WARN__DUPLICATE_METHOD_MATCH = YES;
				COPY_PHASE_STRIP = NO;
				DEBUG_INFORMATION_FORMAT = dwarf;
				ENABLE_STRICT_OBJC_MSGSEND = YES;
				ENABLE_TESTABILITY = YES;
				ENABLE_USER_SCRIPT_SANDBOXING = YES;
				GCC_C_LANGUAGE_STANDARD = gnu17;
				GCC_DYNAMIC_NO_PIC = NO;
				GCC_NO_COMMON_BLOCKS = YES;
				GCC_OPTIMIZATION_LEVEL = 0;
				GCC_PREPROCESSOR_DEFINITIONS = (
					"DEBUG=1",
					"$(inherited)",
				);
				GCC_WARN_64_TO_32_BIT_CONVERSION = YES;
				GCC_WARN_ABOUT_RETURN_TYPE = YES_ERROR;
				GCC_WARN_UNDECLARED_SELECTOR = YES;
				GCC_WARN_UNINITIALIZED_AUTOS = YES_AGGRESSIVE;
				GCC_WARN_UNUSED_FUNCTION = YES;
				GCC_WARN_UNUSED_VARIABLE = YES;
				IPHONEOS_DEPLOYMENT_TARGET = 17.0;
				LOCALIZATION_PREFERS_STRING_CATALOGS = YES;
				MTL_ENABLE_DEBUG_INFO = INCLUDE_SOURCE;
				MTL_FAST_MATH = YES;
				ONLY_ACTIVE_ARCH = YES;
				SDKROOT = iphoneos;
				SWIFT_ACTIVE_COMPILATION_CONDITIONS = "DEBUG $(inherited)";
				SWIFT_OPTIMIZATION_LEVEL = "-Onone";
			};
			name = Debug;
		};
		E37D88C02AE175FD004FD5E3 /* Release */ = {
			isa = XCBuildConfiguration;
			buildSettings = {
				ALWAYS_SEARCH_USER_PATHS = NO;
				ASSETCATALOG_COMPILER_GENERATE_SWIFT_ASSET_SYMBOL_EXTENSIONS = YES;
				CLANG_ANALYZER_NONNULL = YES;
				CLANG_ANALYZER_NUMBER_OBJECT_CONVERSION = YES_AGGRESSIVE;
				CLANG_CXX_LANGUAGE_STANDARD = "gnu++20";
				CLANG_ENABLE_MODULES = YES;
				CLANG_ENABLE_OBJC_ARC = YES;
				CLANG_ENABLE_OBJC_WEAK = YES;
				CLANG_WARN_BLOCK_CAPTURE_AUTORELEASING = YES;
				CLANG_WARN_BOOL_CONVERSION = YES;
				CLANG_WARN_COMMA = YES;
				CLANG_WARN_CONSTANT_CONVERSION = YES;
				CLANG_WARN_DEPRECATED_OBJC_IMPLEMENTATIONS = YES;
				CLANG_WARN_DIRECT_OBJC_ISA_USAGE = YES_ERROR;
				CLANG_WARN_DOCUMENTATION_COMMENTS = YES;
				CLANG_WARN_EMPTY_BODY = YES;
				CLANG_WARN_ENUM_CONVERSION = YES;
				CLANG_WARN_INFINITE_RECURSION = YES;
				CLANG_WARN_INT_CONVERSION = YES;
				CLANG_WARN_NON_LITERAL_NULL_CONVERSION = YES;
				CLANG_WARN_OBJC_IMPLICIT_RETAIN_SELF = YES;
				CLANG_WARN_OBJC_LITERAL_CONVERSION = YES;
				CLANG_WARN_OBJC_ROOT_CLASS = YES_ERROR;
				CLANG_WARN_QUOTED_INCLUDE_IN_FRAMEWORK_HEADER = YES;
				CLANG_WARN_RANGE_LOOP_ANALYSIS = YES;
				CLANG_WARN_STRICT_PROTOTYPES = YES;
				CLANG_WARN_SUSPICIOUS_MOVE = YES;
				CLANG_WARN_UNGUARDED_AVAILABILITY = YES_AGGRESSIVE;
				CLANG_WARN_UNREACHABLE_CODE = YES;
				CLANG_WARN__DUPLICATE_METHOD_MATCH = YES;
				COPY_PHASE_STRIP = NO;
				DEBUG_INFORMATION_FORMAT = "dwarf-with-dsym";
				ENABLE_NS_ASSERTIONS = NO;
				ENABLE_STRICT_OBJC_MSGSEND = YES;
				ENABLE_USER_SCRIPT_SANDBOXING = YES;
				GCC_C_LANGUAGE_STANDARD = gnu17;
				GCC_NO_COMMON_BLOCKS = YES;
				GCC_WARN_64_TO_32_BIT_CONVERSION = YES;
				GCC_WARN_ABOUT_RETURN_TYPE = YES_ERROR;
				GCC_WARN_UNDECLARED_SELECTOR = YES;
				GCC_WARN_UNINITIALIZED_AUTOS = YES_AGGRESSIVE;
				GCC_WARN_UNUSED_FUNCTION = YES;
				GCC_WARN_UNUSED_VARIABLE = YES;
				IPHONEOS_DEPLOYMENT_TARGET = 17.0;
				LOCALIZATION_PREFERS_STRING_CATALOGS = YES;
				MTL_ENABLE_DEBUG_INFO = NO;
				MTL_FAST_MATH = YES;
				SDKROOT = iphoneos;
				SWIFT_COMPILATION_MODE = wholemodule;
				VALIDATE_PRODUCT = YES;
			};
			name = Release;
		};
		E37D88C22AE175FD004FD5E3 /* Debug */ = {
			isa = XCBuildConfiguration;
			baseConfigurationReference = 3D403BDA490D6E643252D762 /* Pods-IOSExampleV2.debug.xcconfig */;
			buildSettings = {
				ALWAYS_SEARCH_USER_PATHS = YES;
				ASSETCATALOG_COMPILER_APPICON_NAME = AppIcon;
				ASSETCATALOG_COMPILER_GLOBAL_ACCENT_COLOR_NAME = AccentColor;
				CLANG_ENABLE_MODULES = YES;
				CODE_SIGN_ENTITLEMENTS = IOSExampleV2/IOSExampleV2.entitlements;
				CODE_SIGN_IDENTITY = "Apple Development";
				CODE_SIGN_STYLE = Automatic;
				CURRENT_PROJECT_VERSION = 1;
				DEVELOPMENT_TEAM = 93U4US3N4D;
				ENABLE_USER_SCRIPT_SANDBOXING = NO;
				FRAMEWORK_SEARCH_PATHS = (
					"$(inherited)",
					"\"${PODS_CONFIGURATION_BUILD_DIR}/FlutterPluginRegistrant\"",
					"\"$(PROJECT_DIR)/Flutter/Release/\"",
				);
				GENERATE_INFOPLIST_FILE = YES;
				INFOPLIST_FILE = IOSExampleV2/Info.plist;
				INFOPLIST_KEY_NSCameraUsageDescription = "Allows access camera to take photo.";
				INFOPLIST_KEY_NSLocalNetworkUsageDescription = "Allow Flutter tools on your computer to connect and debug your application. This prompt will not appear on release builds.";
				INFOPLIST_KEY_NSLocationAlwaysUsageDescription = "This app needs access to location when in the background.";
				INFOPLIST_KEY_NSLocationWhenInUseUsageDescription = "This app needs access to location when open.";
				INFOPLIST_KEY_NSPhotoLibraryUsageDescription = "Allows access camera to take photo.";
				INFOPLIST_KEY_NSUserTrackingUsageDescription = "앱 추적 동의 팝업 창에 노출됩니다.";
				INFOPLIST_KEY_UIApplicationSupportsIndirectInputEvents = YES;
				INFOPLIST_KEY_UILaunchStoryboardName = LaunchScreen;
				INFOPLIST_KEY_UIMainStoryboardFile = Main;
				INFOPLIST_KEY_UISupportedInterfaceOrientations_iPad = "UIInterfaceOrientationPortrait UIInterfaceOrientationPortraitUpsideDown UIInterfaceOrientationLandscapeLeft UIInterfaceOrientationLandscapeRight";
				INFOPLIST_KEY_UISupportedInterfaceOrientations_iPhone = "UIInterfaceOrientationPortrait UIInterfaceOrientationLandscapeLeft UIInterfaceOrientationLandscapeRight";
				IPHONEOS_DEPLOYMENT_TARGET = 14.0;
				LD_RUNPATH_SEARCH_PATHS = (
					"$(inherited)",
					"@executable_path/Frameworks",
				);
				MARKETING_VERSION = 1.0;
				PRODUCT_BUNDLE_IDENTIFIER = com.abee.offerwall;
				PRODUCT_NAME = "$(TARGET_NAME)";
				PROVISIONING_PROFILE_SPECIFIER = "";
				SWIFT_EMIT_LOC_STRINGS = YES;
				SWIFT_OBJC_BRIDGING_HEADER = "IOSExampleV2/IOSExampleV2-Bridging-Header.h";
				SWIFT_OPTIMIZATION_LEVEL = "-Onone";
				SWIFT_VERSION = 5.0;
				TARGETED_DEVICE_FAMILY = "1,2";
			};
			name = Debug;
		};
		E37D88C32AE175FD004FD5E3 /* Release */ = {
			isa = XCBuildConfiguration;
			baseConfigurationReference = 380A6470C890866EB6F711C3 /* Pods-IOSExampleV2.release.xcconfig */;
			buildSettings = {
				ALWAYS_SEARCH_USER_PATHS = YES;
				ASSETCATALOG_COMPILER_APPICON_NAME = AppIcon;
				ASSETCATALOG_COMPILER_GLOBAL_ACCENT_COLOR_NAME = AccentColor;
				CLANG_ENABLE_MODULES = YES;
				CODE_SIGN_ENTITLEMENTS = IOSExampleV2/IOSExampleV2.entitlements;
				CODE_SIGN_IDENTITY = "Apple Development";
				CODE_SIGN_STYLE = Automatic;
				CURRENT_PROJECT_VERSION = 1;
				DEVELOPMENT_TEAM = 93U4US3N4D;
				ENABLE_USER_SCRIPT_SANDBOXING = NO;
				FRAMEWORK_SEARCH_PATHS = (
					"$(inherited)",
					"\"${PODS_CONFIGURATION_BUILD_DIR}/FlutterPluginRegistrant\"",
					"\"$(PROJECT_DIR)/Flutter/Release/\"",
				);
				GENERATE_INFOPLIST_FILE = YES;
				INFOPLIST_FILE = IOSExampleV2/Info.plist;
				INFOPLIST_KEY_NSCameraUsageDescription = "Allows access camera to take photo.";
				INFOPLIST_KEY_NSLocalNetworkUsageDescription = "Allow Flutter tools on your computer to connect and debug your application. This prompt will not appear on release builds.";
				INFOPLIST_KEY_NSLocationAlwaysUsageDescription = "This app needs access to location when in the background.";
				INFOPLIST_KEY_NSLocationWhenInUseUsageDescription = "This app needs access to location when open.";
				INFOPLIST_KEY_NSPhotoLibraryUsageDescription = "Allows access camera to take photo.";
				INFOPLIST_KEY_NSUserTrackingUsageDescription = "앱 추적 동의 팝업 창에 노출됩니다.";
				INFOPLIST_KEY_UIApplicationSupportsIndirectInputEvents = YES;
				INFOPLIST_KEY_UILaunchStoryboardName = LaunchScreen;
				INFOPLIST_KEY_UIMainStoryboardFile = Main;
				INFOPLIST_KEY_UISupportedInterfaceOrientations_iPad = "UIInterfaceOrientationPortrait UIInterfaceOrientationPortraitUpsideDown UIInterfaceOrientationLandscapeLeft UIInterfaceOrientationLandscapeRight";
				INFOPLIST_KEY_UISupportedInterfaceOrientations_iPhone = "UIInterfaceOrientationPortrait UIInterfaceOrientationLandscapeLeft UIInterfaceOrientationLandscapeRight";
				IPHONEOS_DEPLOYMENT_TARGET = 14.0;
				LD_RUNPATH_SEARCH_PATHS = (
					"$(inherited)",
					"@executable_path/Frameworks",
				);
				MARKETING_VERSION = 1.0;
				PRODUCT_BUNDLE_IDENTIFIER = com.abee.offerwall;
				PRODUCT_NAME = "$(TARGET_NAME)";
				PROVISIONING_PROFILE_SPECIFIER = "";
				SWIFT_EMIT_LOC_STRINGS = YES;
				SWIFT_OBJC_BRIDGING_HEADER = "IOSExampleV2/IOSExampleV2-Bridging-Header.h";
				SWIFT_VERSION = 5.0;
				TARGETED_DEVICE_FAMILY = "1,2";
			};
			name = Release;
		};
		E37D88C52AE175FD004FD5E3 /* Debug */ = {
			isa = XCBuildConfiguration;
			buildSettings = {
				ALWAYS_EMBED_SWIFT_STANDARD_LIBRARIES = YES;
				BUNDLE_LOADER = "$(TEST_HOST)";
				CODE_SIGN_STYLE = Automatic;
				CURRENT_PROJECT_VERSION = 1;
				DEVELOPMENT_TEAM = 93U4US3N4D;
				GENERATE_INFOPLIST_FILE = YES;
				IPHONEOS_DEPLOYMENT_TARGET = 17.0;
				MARKETING_VERSION = 1.0;
				PRODUCT_BUNDLE_IDENTIFIER = test.IOSExampleV2Tests;
				PRODUCT_NAME = "$(TARGET_NAME)";
				SWIFT_EMIT_LOC_STRINGS = NO;
				SWIFT_VERSION = 5.0;
				TARGETED_DEVICE_FAMILY = "1,2";
				TEST_HOST = "$(BUILT_PRODUCTS_DIR)/IOSExampleV2.app/$(BUNDLE_EXECUTABLE_FOLDER_PATH)/IOSExampleV2";
			};
			name = Debug;
		};
		E37D88C62AE175FD004FD5E3 /* Release */ = {
			isa = XCBuildConfiguration;
			buildSettings = {
				ALWAYS_EMBED_SWIFT_STANDARD_LIBRARIES = YES;
				BUNDLE_LOADER = "$(TEST_HOST)";
				CODE_SIGN_STYLE = Automatic;
				CURRENT_PROJECT_VERSION = 1;
				DEVELOPMENT_TEAM = 93U4US3N4D;
				GENERATE_INFOPLIST_FILE = YES;
				IPHONEOS_DEPLOYMENT_TARGET = 17.0;
				MARKETING_VERSION = 1.0;
				PRODUCT_BUNDLE_IDENTIFIER = test.IOSExampleV2Tests;
				PRODUCT_NAME = "$(TARGET_NAME)";
				SWIFT_EMIT_LOC_STRINGS = NO;
				SWIFT_VERSION = 5.0;
				TARGETED_DEVICE_FAMILY = "1,2";
				TEST_HOST = "$(BUILT_PRODUCTS_DIR)/IOSExampleV2.app/$(BUNDLE_EXECUTABLE_FOLDER_PATH)/IOSExampleV2";
			};
			name = Release;
		};
		E37D88C82AE175FD004FD5E3 /* Debug */ = {
			isa = XCBuildConfiguration;
			buildSettings = {
				ALWAYS_EMBED_SWIFT_STANDARD_LIBRARIES = YES;
				CODE_SIGN_STYLE = Automatic;
				CURRENT_PROJECT_VERSION = 1;
				DEVELOPMENT_TEAM = 93U4US3N4D;
				GENERATE_INFOPLIST_FILE = YES;
				MARKETING_VERSION = 1.0;
				PRODUCT_BUNDLE_IDENTIFIER = test.IOSExampleV2UITests;
				PRODUCT_NAME = "$(TARGET_NAME)";
				SWIFT_EMIT_LOC_STRINGS = NO;
				SWIFT_VERSION = 5.0;
				TARGETED_DEVICE_FAMILY = "1,2";
				TEST_TARGET_NAME = IOSExampleV2;
			};
			name = Debug;
		};
		E37D88C92AE175FD004FD5E3 /* Release */ = {
			isa = XCBuildConfiguration;
			buildSettings = {
				ALWAYS_EMBED_SWIFT_STANDARD_LIBRARIES = YES;
				CODE_SIGN_STYLE = Automatic;
				CURRENT_PROJECT_VERSION = 1;
				DEVELOPMENT_TEAM = 93U4US3N4D;
				GENERATE_INFOPLIST_FILE = YES;
				MARKETING_VERSION = 1.0;
				PRODUCT_BUNDLE_IDENTIFIER = test.IOSExampleV2UITests;
				PRODUCT_NAME = "$(TARGET_NAME)";
				SWIFT_EMIT_LOC_STRINGS = NO;
				SWIFT_VERSION = 5.0;
				TARGETED_DEVICE_FAMILY = "1,2";
				TEST_TARGET_NAME = IOSExampleV2;
			};
			name = Release;
		};
/* End XCBuildConfiguration section */

/* Begin XCConfigurationList section */
		E37D88922AE175FC004FD5E3 /* Build configuration list for PBXProject "IOSExampleV2" */ = {
			isa = XCConfigurationList;
			buildConfigurations = (
				E37D88BF2AE175FD004FD5E3 /* Debug */,
				E37D88C02AE175FD004FD5E3 /* Release */,
			);
			defaultConfigurationIsVisible = 0;
			defaultConfigurationName = Release;
		};
		E37D88C12AE175FD004FD5E3 /* Build configuration list for PBXNativeTarget "IOSExampleV2" */ = {
			isa = XCConfigurationList;
			buildConfigurations = (
				E37D88C22AE175FD004FD5E3 /* Debug */,
				E37D88C32AE175FD004FD5E3 /* Release */,
			);
			defaultConfigurationIsVisible = 0;
			defaultConfigurationName = Release;
		};
		E37D88C42AE175FD004FD5E3 /* Build configuration list for PBXNativeTarget "IOSExampleV2Tests" */ = {
			isa = XCConfigurationList;
			buildConfigurations = (
				E37D88C52AE175FD004FD5E3 /* Debug */,
				E37D88C62AE175FD004FD5E3 /* Release */,
			);
			defaultConfigurationIsVisible = 0;
			defaultConfigurationName = Release;
		};
		E37D88C72AE175FD004FD5E3 /* Build configuration list for PBXNativeTarget "IOSExampleV2UITests" */ = {
			isa = XCConfigurationList;
			buildConfigurations = (
				E37D88C82AE175FD004FD5E3 /* Debug */,
				E37D88C92AE175FD004FD5E3 /* Release */,
			);
			defaultConfigurationIsVisible = 0;
			defaultConfigurationName = Release;
		};
/* End XCConfigurationList section */
	};
	rootObject = E37D888F2AE175FC004FD5E3 /* Project object */;
}
